Microsoft Visual Studio Solution File, Format Version 12.00
# Visual Studio Version 17
VisualStudioVersion = 17.13.35919.96
MinimumVisualStudioVersion = 10.0.40219.1
Project("{FAE04EC0-301F-11D3-BF4B-00C04F79EFBC}") = "SignalR", "SignalR\SignalR.csproj", "{22560C91-CAC6-4B4E-BBC8-120ECBAE426D}"
EndProject
Global
	GlobalSection(SolutionConfigurationPlatforms) = preSolution
		Debug|Any CPU = Debug|Any CPU
		Release|Any CPU = Release|Any CPU
	EndGlobalSection
	GlobalSection(ProjectConfigurationPlatforms) = postSolution
		{22560C91-CAC6-4B4E-BBC8-120ECBAE426D}.Debug|Any CPU.ActiveCfg = Debug|Any CPU
		{22560C91-CAC6-4B4E-BBC8-120ECBAE426D}.Debug|Any CPU.Build.0 = Debug|Any CPU
		{22560C91-CAC6-4B4E-BBC8-120ECBAE426D}.Release|Any CPU.ActiveCfg = Release|Any CPU
		{22560C91-CAC6-4B4E-BBC8-120ECBAE426D}.Release|Any CPU.Build.0 = Release|Any CPU
	EndGlobalSection
	GlobalSection(SolutionProperties) = preSolution
		HideSolutionNode = FALSE
	EndGlobalSection
	GlobalSection(ExtensibilityGlobals) = postSolution
		SolutionGuid = {4C653DD6-AE75-4678-94A1-103DB1C6A774}
	EndGlobalSection
EndGlobal
